
Microsoft Visual Studio Solution File, Format Version 11.00
# Visual Studio 2010
Project("{FAE04EC0-301F-11D3-BF4B-00C04F79EFBC}") = "Assembly-CSharp", "Assembly-CSharp.csproj", "{2cb28bcf-adc6-48f5-6166-b27876cffc06}"
EndProject
Project("{FAE04EC0-301F-11D3-BF4B-00C04F79EFBC}") = "Assembly-CSharp-Editor", "Assembly-CSharp-Editor.csproj", "{b11a938b-b1c4-3e6e-75f7-0800b9050be1}"
EndProject
Global
	GlobalSection(SolutionConfigurationPlatforms) = preSolution
		Debug|Any CPU = Debug|Any CPU
	EndGlobalSection
	GlobalSection(ProjectConfigurationPlatforms) = postSolution
		{2cb28bcf-adc6-48f5-6166-b27876cffc06}.Debug|Any CPU.ActiveCfg = Debug|Any CPU
		{2cb28bcf-adc6-48f5-6166-b27876cffc06}.Debug|Any CPU.Build.0 = Debug|Any CPU
		{b11a938b-b1c4-3e6e-75f7-0800b9050be1}.Debug|Any CPU.ActiveCfg = Debug|Any CPU
		{b11a938b-b1c4-3e6e-75f7-0800b9050be1}.Debug|Any CPU.Build.0 = Debug|Any CPU
	EndGlobalSection
	GlobalSection(SolutionProperties) = preSolution
		HideSolutionNode = FALSE
	EndGlobalSection
EndGlobal
